
Microsoft Visual Studio Solution File, Format Version 12.00
# Visual Studio Version 16
VisualStudioVersion = 16.0.29613.14
MinimumVisualStudioVersion = 10.0.40219.1
Project("{FAE04EC0-301F-11D3-BF4B-00C04F79EFBC}") = "Wpf_Crafton-Nikita-Rene-Daniil_PR2", "Wpf_Crafton-Nikita-Rene-Daniil_PR2.csproj", "{1F0C2498-EDFA-4367-ADF5-CDC840BCCB2A}"
EndProject
Global
	GlobalSection(SolutionConfigurationPlatforms) = preSolution
		Debug|Any CPU = Debug|Any CPU
		Release|Any CPU = Release|Any CPU
	EndGlobalSection
	GlobalSection(ProjectConfigurationPlatforms) = postSolution
		{1F0C2498-EDFA-4367-ADF5-CDC840BCCB2A}.Debug|Any CPU.ActiveCfg = Debug|Any CPU
		{1F0C2498-EDFA-4367-ADF5-CDC840BCCB2A}.Debug|Any CPU.Build.0 = Debug|Any CPU
		{1F0C2498-EDFA-4367-ADF5-CDC840BCCB2A}.Release|Any CPU.ActiveCfg = Release|Any CPU
		{1F0C2498-EDFA-4367-ADF5-CDC840BCCB2A}.Release|Any CPU.Build.0 = Release|Any CPU
	EndGlobalSection
	GlobalSection(SolutionProperties) = preSolution
		HideSolutionNode = FALSE
	EndGlobalSection
	GlobalSection(ExtensibilityGlobals) = postSolution
		SolutionGuid = {F851DEB6-F23D-4FEB-9699-0F06EFFC5555}
	EndGlobalSection
EndGlobal
